{
  "name": "bsigner",
  "version": "0.5.0",
  "lockfileVersion": 1,
  "requires": true,
  "dependencies": {
    "bcfg": {
      "version": "0.1.6",
      "resolved": "https://registry.npmjs.org/bcfg/-/bcfg-0.1.6.tgz",
      "integrity": "sha512-BR2vwQZwu24aRm588XHOnPVjjQtbK8sF0RopRFgMuke63/REJMWnePTa2YHKDBefuBYiVdgkowuB1/e4K7Ue3g==",
      "requires": {
        "bsert": "~0.0.10"
      },
      "dependencies": {
        "bsert": {
          "version": "0.0.10",
          "resolved": "https://registry.npmjs.org/bsert/-/bsert-0.0.10.tgz",
          "integrity": "sha512-NHNwlac+WPy4t2LoNh8pXk8uaIGH3NSaIUbTTRXGpE2WEbq0te/tDykYHkFK57YKLPjv/aGHmbqvnGeVWDz57Q=="
        }
      }
    },
    "bclient": {
      "version": "0.1.7",
      "resolved": "https://registry.npmjs.org/bclient/-/bclient-0.1.7.tgz",
      "integrity": "sha512-tD1b48VGrJ10Hkv1Slew88DLcIBAYbhjGIwO7fRPp0mTcc5jZjGhFjsrHwgPsChj9HYctA8yMw/ChGfheqZGDA==",
      "requires": {
        "bcfg": "~0.1.6",
        "bcurl": "~0.1.6",
        "bsert": "~0.0.10"
      },
      "dependencies": {
        "bsert": {
          "version": "0.0.10",
          "resolved": "https://registry.npmjs.org/bsert/-/bsert-0.0.10.tgz",
          "integrity": "sha512-NHNwlac+WPy4t2LoNh8pXk8uaIGH3NSaIUbTTRXGpE2WEbq0te/tDykYHkFK57YKLPjv/aGHmbqvnGeVWDz57Q=="
        }
      }
    },
    "bcoin": {
      "version": "github:bcoin-org/bcoin#75722469f3a3963bb2163bbc4edc763e6bdcf55f",
      "from": "github:bcoin-org/bcoin#75722469",
      "requires": {
        "bcfg": "~0.1.6",
        "bclient": "~0.1.7",
        "bcrypto": "~3.1.11",
        "bdb": "~1.1.7",
        "bdns": "~0.1.5",
        "bevent": "~0.1.5",
        "bfile": "~0.2.1",
        "bfilter": "~1.0.5",
        "bheep": "~0.1.5",
        "binet": "~0.3.5",
        "blgr": "~0.1.7",
        "blru": "~0.1.6",
        "blst": "~0.1.5",
        "bmutex": "~0.1.6",
        "bsert": "~0.0.10",
        "bsip": "~0.1.9",
        "bsock": "~0.1.9",
        "bsocks": "~0.2.5",
        "bstring": "~0.3.9",
        "btcp": "~0.1.5",
        "buffer-map": "~0.0.7",
        "bufio": "~1.0.6",
        "bupnp": "~0.2.6",
        "bval": "~0.1.6",
        "bweb": "~0.1.9",
        "mrmr": "~0.1.8",
        "n64": "~0.2.10"
      },
      "dependencies": {
        "bsert": {
          "version": "0.0.10",
          "resolved": "https://registry.npmjs.org/bsert/-/bsert-0.0.10.tgz",
          "integrity": "sha512-NHNwlac+WPy4t2LoNh8pXk8uaIGH3NSaIUbTTRXGpE2WEbq0te/tDykYHkFK57YKLPjv/aGHmbqvnGeVWDz57Q=="
        },
        "buffer-map": {
          "version": "0.0.7",
          "resolved": "https://registry.npmjs.org/buffer-map/-/buffer-map-0.0.7.tgz",
          "integrity": "sha512-95try3p/vMRkIAAnJDaGkFhGpT/65NoeW6XelEPjAomWYR58RQtW4khn0SwKj34kZoE7uxL7w2koZSwbnszvQQ=="
        }
      }
    },
    "bcrypto": {
      "version": "3.1.11",
      "resolved": "https://registry.npmjs.org/bcrypto/-/bcrypto-3.1.11.tgz",
      "integrity": "sha512-XHsle+v0aYjCyHZSwd3Insnu8GUe4cuf3+f07Z/mO+GLq60YqUyEIvpaSv4LAAJ4uf8UNYMSSQ0LslsV0r4tug==",
      "requires": {
        "bsert": "~0.0.10",
        "bufio": "~1.0.6",
        "loady": "~0.0.1",
        "nan": "^2.13.2"
      },
      "dependencies": {
        "bsert": {
          "version": "0.0.10",
          "resolved": "https://registry.npmjs.org/bsert/-/bsert-0.0.10.tgz",
          "integrity": "sha512-NHNwlac+WPy4t2LoNh8pXk8uaIGH3NSaIUbTTRXGpE2WEbq0te/tDykYHkFK57YKLPjv/aGHmbqvnGeVWDz57Q=="
        }
      }
    },
    "bcurl": {
      "version": "0.1.6",
      "resolved": "https://registry.npmjs.org/bcurl/-/bcurl-0.1.6.tgz",
      "integrity": "sha512-noeDhfqFiUcNOUuZKErkXcbZfxBjn6duTfYPEfA4hAYXGr7gwVxkAWvIerxl3ZLLyn8jzh7Oi0nHlrLm1ST9Fw==",
      "requires": {
        "brq": "~0.1.7",
        "bsert": "~0.0.10",
        "bsock": "~0.1.8"
      },
      "dependencies": {
        "bsert": {
          "version": "0.0.10",
          "resolved": "https://registry.npmjs.org/bsert/-/bsert-0.0.10.tgz",
          "integrity": "sha512-NHNwlac+WPy4t2LoNh8pXk8uaIGH3NSaIUbTTRXGpE2WEbq0te/tDykYHkFK57YKLPjv/aGHmbqvnGeVWDz57Q=="
        }
      }
    },
    "bdb": {
      "version": "1.1.7",
      "resolved": "https://registry.npmjs.org/bdb/-/bdb-1.1.7.tgz",
      "integrity": "sha512-jtBnWEyDDK08dBbKL9LJeO2huZyBmbjBQMMVjU9RI1liJo6YDbv86uDHoaD4gniefd9pfxqOM1w6rYuwLVCXlQ==",
      "requires": {
        "bsert": "~0.0.10",
        "loady": "~0.0.1"
      },
      "dependencies": {
        "bsert": {
          "version": "0.0.10",
          "resolved": "https://registry.npmjs.org/bsert/-/bsert-0.0.10.tgz",
          "integrity": "sha512-NHNwlac+WPy4t2LoNh8pXk8uaIGH3NSaIUbTTRXGpE2WEbq0te/tDykYHkFK57YKLPjv/aGHmbqvnGeVWDz57Q=="
        }
      }
    },
    "bdns": {
      "version": "0.1.5",
      "resolved": "https://registry.npmjs.org/bdns/-/bdns-0.1.5.tgz",
      "integrity": "sha512-LNVkfM7ynlAD0CvPvO9cKxW8YXt1KOCRQZlRsGZWeMyymUWVdHQpZudAzH9chaFAz6HiwAnQxwDemCKDPy6Mag==",
      "requires": {
        "bsert": "~0.0.10"
      },
      "dependencies": {
        "bsert": {
          "version": "0.0.10",
          "resolved": "https://registry.npmjs.org/bsert/-/bsert-0.0.10.tgz",
          "integrity": "sha512-NHNwlac+WPy4t2LoNh8pXk8uaIGH3NSaIUbTTRXGpE2WEbq0te/tDykYHkFK57YKLPjv/aGHmbqvnGeVWDz57Q=="
        }
      }
    },
    "bevent": {
      "version": "0.1.5",
      "resolved": "https://registry.npmjs.org/bevent/-/bevent-0.1.5.tgz",
      "integrity": "sha512-hs6T3BjndibrAmPSoKTHmKa3tz/c6Qgjv9iZw+tAoxuP6izfTCkzfltBQrW7SuK5xnY22gv9jCEf51+mRH+Qvg==",
      "requires": {
        "bsert": "~0.0.10"
      },
      "dependencies": {
        "bsert": {
          "version": "0.0.10",
          "resolved": "https://registry.npmjs.org/bsert/-/bsert-0.0.10.tgz",
          "integrity": "sha512-NHNwlac+WPy4t2LoNh8pXk8uaIGH3NSaIUbTTRXGpE2WEbq0te/tDykYHkFK57YKLPjv/aGHmbqvnGeVWDz57Q=="
        }
      }
    },
    "bfile": {
      "version": "0.2.2",
      "resolved": "https://registry.npmjs.org/bfile/-/bfile-0.2.2.tgz",
      "integrity": "sha512-X205SsJ7zFAnjeJ/pBLqDqF10x/4Su3pBy8UdVKw4hdGJk7t5pLoRi+uG4rPaDAClGbrEfT/06PGUbYiMYKzTg=="
    },
    "bfilter": {
      "version": "1.0.5",
      "resolved": "https://registry.npmjs.org/bfilter/-/bfilter-1.0.5.tgz",
      "integrity": "sha512-GupIidtCvLbKhXnA1sxvrwa+gh95qbjafy7P1U1x/2DHxNabXq4nGW0x3rmgzlJMYlVl+c8fMxoMRIwpKYlgcQ==",
      "requires": {
        "bsert": "~0.0.10",
        "bufio": "~1.0.6",
        "mrmr": "~0.1.6"
      },
      "dependencies": {
        "bsert": {
          "version": "0.0.10",
          "resolved": "https://registry.npmjs.org/bsert/-/bsert-0.0.10.tgz",
          "integrity": "sha512-NHNwlac+WPy4t2LoNh8pXk8uaIGH3NSaIUbTTRXGpE2WEbq0te/tDykYHkFK57YKLPjv/aGHmbqvnGeVWDz57Q=="
        }
      }
    },
    "bheep": {
      "version": "0.1.5",
      "resolved": "https://registry.npmjs.org/bheep/-/bheep-0.1.5.tgz",
      "integrity": "sha512-0KR5Zi8hgJBKL35+aYzndCTtgSGakOMxrYw2uszd5UmXTIfx3+drPGoETlVbQ6arTdAzSoQYA1j35vbaWpQXBg==",
      "requires": {
        "bsert": "~0.0.10"
      },
      "dependencies": {
        "bsert": {
          "version": "0.0.10",
          "resolved": "https://registry.npmjs.org/bsert/-/bsert-0.0.10.tgz",
          "integrity": "sha512-NHNwlac+WPy4t2LoNh8pXk8uaIGH3NSaIUbTTRXGpE2WEbq0te/tDykYHkFK57YKLPjv/aGHmbqvnGeVWDz57Q=="
        }
      }
    },
    "binet": {
      "version": "0.3.5",
      "resolved": "https://registry.npmjs.org/binet/-/binet-0.3.5.tgz",
      "integrity": "sha512-suogkqXrt63Z76ABvwJjI28w+LWrRE53nwItDPz1VwNjHEuh1+rxudGYtoewFmMhkJ9pW/VGGnjoxP+AGzHgLQ==",
      "requires": {
        "bs32": "~0.1.5",
        "bsert": "~0.0.10"
      },
      "dependencies": {
        "bsert": {
          "version": "0.0.10",
          "resolved": "https://registry.npmjs.org/bsert/-/bsert-0.0.10.tgz",
          "integrity": "sha512-NHNwlac+WPy4t2LoNh8pXk8uaIGH3NSaIUbTTRXGpE2WEbq0te/tDykYHkFK57YKLPjv/aGHmbqvnGeVWDz57Q=="
        }
      }
    },
    "bledger": {
      "version": "0.3.2",
      "resolved": "https://registry.npmjs.org/bledger/-/bledger-0.3.2.tgz",
      "integrity": "sha512-6vFQOpaEjxsjE7cmnCqXb4N6RjSFw0DlLXjnbSRgb0EXGCPGvmpb9IeP4sIuPlpub1h7zDpVTffXknegaOeQLw==",
      "requires": {
        "bcrypto": "~3.1.11",
        "blgr": "~0.1.7",
        "bmutex": "~0.1.6",
        "bsert": "~0.0.10",
        "buffer-map": "~0.0.7",
        "bufio": "^1.0.6",
        "busb": "~0.1.1"
      },
      "dependencies": {
        "bsert": {
          "version": "0.0.10",
          "resolved": "https://registry.npmjs.org/bsert/-/bsert-0.0.10.tgz",
          "integrity": "sha512-NHNwlac+WPy4t2LoNh8pXk8uaIGH3NSaIUbTTRXGpE2WEbq0te/tDykYHkFK57YKLPjv/aGHmbqvnGeVWDz57Q=="
        },
        "buffer-map": {
          "version": "0.0.7",
          "resolved": "https://registry.npmjs.org/buffer-map/-/buffer-map-0.0.7.tgz",
          "integrity": "sha512-95try3p/vMRkIAAnJDaGkFhGpT/65NoeW6XelEPjAomWYR58RQtW4khn0SwKj34kZoE7uxL7w2koZSwbnszvQQ=="
        }
      }
    },
    "blgr": {
      "version": "0.1.7",
      "resolved": "https://registry.npmjs.org/blgr/-/blgr-0.1.7.tgz",
      "integrity": "sha512-+jSaU2jnYqF+ec9e8nzjfjU7QhZIntkDNG8/AEwoxW7J3mmwvmUfAI5lm9BFYs1OzT+1UgIZTFHa2qWjTBURfw==",
      "requires": {
        "bsert": "~0.0.10"
      },
      "dependencies": {
        "bsert": {
          "version": "0.0.10",
          "resolved": "https://registry.npmjs.org/bsert/-/bsert-0.0.10.tgz",
          "integrity": "sha512-NHNwlac+WPy4t2LoNh8pXk8uaIGH3NSaIUbTTRXGpE2WEbq0te/tDykYHkFK57YKLPjv/aGHmbqvnGeVWDz57Q=="
        }
      }
    },
    "blru": {
      "version": "0.1.6",
      "resolved": "https://registry.npmjs.org/blru/-/blru-0.1.6.tgz",
      "integrity": "sha512-34+xZ2u4ys/aUzWCU9m6Eee4nVuN1ywdxbi8b3Z2WULU6qvnfeHvCWEdGzlVfRbbhimG2xxJX6R77GD2cuVO6w==",
      "requires": {
        "bsert": "~0.0.10"
      },
      "dependencies": {
        "bsert": {
          "version": "0.0.10",
          "resolved": "https://registry.npmjs.org/bsert/-/bsert-0.0.10.tgz",
          "integrity": "sha512-NHNwlac+WPy4t2LoNh8pXk8uaIGH3NSaIUbTTRXGpE2WEbq0te/tDykYHkFK57YKLPjv/aGHmbqvnGeVWDz57Q=="
        }
      }
    },
    "blst": {
      "version": "0.1.5",
      "resolved": "https://registry.npmjs.org/blst/-/blst-0.1.5.tgz",
      "integrity": "sha512-TPl04Cx3CHdPFAJ2x9Xx1Z1FOfpAzmNPfHkfo+pGAaNH4uLhS58ExvamVkZh3jadF+B7V5sMtqvrqdf9mHINYA==",
      "requires": {
        "bsert": "~0.0.10"
      },
      "dependencies": {
        "bsert": {
          "version": "0.0.10",
          "resolved": "https://registry.npmjs.org/bsert/-/bsert-0.0.10.tgz",
          "integrity": "sha512-NHNwlac+WPy4t2LoNh8pXk8uaIGH3NSaIUbTTRXGpE2WEbq0te/tDykYHkFK57YKLPjv/aGHmbqvnGeVWDz57Q=="
        }
      }
    },
    "bmocha": {
      "version": "1.6.0",
      "resolved": "https://registry.npmjs.org/bmocha/-/bmocha-1.6.0.tgz",
      "integrity": "sha512-/qjNNFkMKq23QDOifJiWC+j0j3Mmy/jVWAs8PvVRWOLuvzG9RimwzMcD5pRoG+p8WZNuLL/64yRXTPX72U3mNw==",
      "dev": true
    },
    "bmultisig": {
      "version": "2.0.0-beta.1",
      "resolved": "https://registry.npmjs.org/bmultisig/-/bmultisig-2.0.0-beta.1.tgz",
      "integrity": "sha512-EZ+5Rnu9FqhgOigXoNq3Qlv8O6gztzEkkEYw+npVCQ7MdUWZ3m7yUlGGIDGukW/oUcFv6qQ1mD86PEch1tkVXw==",
      "requires": {
        "bclient": "^0.1.7",
        "bcoin": "github:bcoin-org/bcoin#75722469",
        "bcrypto": "~3.1.11",
        "bdb": "~1.1.7",
        "bevent": "~0.1.5",
        "blgr": "~0.1.7",
        "bmutex": "~0.1.6",
        "bsert": "0.0.10",
        "bstring": "^0.3.9",
        "buffer-map": "0.0.7",
        "bufio": "^1.0.6",
        "bval": "^0.1.6",
        "bweb": "^0.1.9"
      },
      "dependencies": {
        "bsert": {
          "version": "0.0.10",
          "resolved": "https://registry.npmjs.org/bsert/-/bsert-0.0.10.tgz",
          "integrity": "sha512-NHNwlac+WPy4t2LoNh8pXk8uaIGH3NSaIUbTTRXGpE2WEbq0te/tDykYHkFK57YKLPjv/aGHmbqvnGeVWDz57Q=="
        },
        "buffer-map": {
          "version": "0.0.7",
          "resolved": "https://registry.npmjs.org/buffer-map/-/buffer-map-0.0.7.tgz",
          "integrity": "sha512-95try3p/vMRkIAAnJDaGkFhGpT/65NoeW6XelEPjAomWYR58RQtW4khn0SwKj34kZoE7uxL7w2koZSwbnszvQQ=="
        }
      }
    },
    "bmutex": {
      "version": "0.1.6",
      "resolved": "https://registry.npmjs.org/bmutex/-/bmutex-0.1.6.tgz",
      "integrity": "sha512-nXWOXtQHbfPaMl6jyEF/rmRMrcemj2qn+OCAI/uZYurjfx7Dg3baoXdPzHOL0U8Cfvn8CWxKcnM/rgxL7DR4zw==",
      "requires": {
        "bsert": "~0.0.10"
      },
      "dependencies": {
        "bsert": {
          "version": "0.0.10",
          "resolved": "https://registry.npmjs.org/bsert/-/bsert-0.0.10.tgz",
          "integrity": "sha512-NHNwlac+WPy4t2LoNh8pXk8uaIGH3NSaIUbTTRXGpE2WEbq0te/tDykYHkFK57YKLPjv/aGHmbqvnGeVWDz57Q=="
        }
      }
    },
    "brq": {
      "version": "0.1.8",
      "resolved": "https://registry.npmjs.org/brq/-/brq-0.1.8.tgz",
      "integrity": "sha512-6SDY1lJMKXgt5TZ6voJQMH2zV1XPWWtm203PSkx3DSg9AYNYuRfOPFSBDkNemabzgpzFW9/neR4YhTvyJml8rQ==",
      "requires": {
        "bsert": "~0.0.10"
      },
      "dependencies": {
        "bsert": {
          "version": "0.0.10",
          "resolved": "https://registry.npmjs.org/bsert/-/bsert-0.0.10.tgz",
          "integrity": "sha512-NHNwlac+WPy4t2LoNh8pXk8uaIGH3NSaIUbTTRXGpE2WEbq0te/tDykYHkFK57YKLPjv/aGHmbqvnGeVWDz57Q=="
        }
      }
    },
    "bs32": {
      "version": "0.1.6",
      "resolved": "https://registry.npmjs.org/bs32/-/bs32-0.1.6.tgz",
      "integrity": "sha512-usjDesQqZ8ihHXOnOEQuAdymBHnJEfSd+aELFSg1jN/V3iAf12HrylHlRJwIt6DTMmXpBDQ+YBg3Q3DIYdhRgQ==",
      "requires": {
        "bsert": "~0.0.10"
      },
      "dependencies": {
        "bsert": {
          "version": "0.0.10",
          "resolved": "https://registry.npmjs.org/bsert/-/bsert-0.0.10.tgz",
          "integrity": "sha512-NHNwlac+WPy4t2LoNh8pXk8uaIGH3NSaIUbTTRXGpE2WEbq0te/tDykYHkFK57YKLPjv/aGHmbqvnGeVWDz57Q=="
        }
      }
    },
    "bsert": {
      "version": "0.0.8",
      "resolved": "https://registry.npmjs.org/bsert/-/bsert-0.0.8.tgz",
      "integrity": "sha512-MzSxGNGymvJ2wAJ0lrC2cT+Irq2q+EMz5ijt8qXIxt02VoO+ZFWPNrmzNHGq6F8RJnIzzRmKz8mv1/j2xU1TQg=="
    },
    "bsip": {
      "version": "0.1.9",
      "resolved": "https://registry.npmjs.org/bsip/-/bsip-0.1.9.tgz",
      "integrity": "sha512-i7cVEfCthASPB3BYKS/pZN/D4kh4vToIlSAFcVBLNjzYl1UirT3E2PIGSfNnYR2qZ3UW1qnDavrWEHhLeSKt2A==",
      "requires": {
        "bsert": "~0.0.10",
        "loady": "~0.0.1",
        "nan": "^2.13.1"
      },
      "dependencies": {
        "bsert": {
          "version": "0.0.10",
          "resolved": "https://registry.npmjs.org/bsert/-/bsert-0.0.10.tgz",
          "integrity": "sha512-NHNwlac+WPy4t2LoNh8pXk8uaIGH3NSaIUbTTRXGpE2WEbq0te/tDykYHkFK57YKLPjv/aGHmbqvnGeVWDz57Q=="
        }
      }
    },
    "bsock": {
      "version": "0.1.9",
      "resolved": "https://registry.npmjs.org/bsock/-/bsock-0.1.9.tgz",
      "integrity": "sha512-/l9Kg/c5o+n/0AqreMxh2jpzDMl1ikl4gUxT7RFNe3A3YRIyZkiREhwcjmqxiymJSRI/Qhew357xGn1SLw/xEw==",
      "requires": {
        "bsert": "~0.0.10"
      },
      "dependencies": {
        "bsert": {
          "version": "0.0.10",
          "resolved": "https://registry.npmjs.org/bsert/-/bsert-0.0.10.tgz",
          "integrity": "sha512-NHNwlac+WPy4t2LoNh8pXk8uaIGH3NSaIUbTTRXGpE2WEbq0te/tDykYHkFK57YKLPjv/aGHmbqvnGeVWDz57Q=="
        }
      }
    },
    "bsocks": {
      "version": "0.2.5",
      "resolved": "https://registry.npmjs.org/bsocks/-/bsocks-0.2.5.tgz",
      "integrity": "sha512-w1yG8JmfKPIaTDLuR9TIxJM2Ma6nAiInRpLNZ43g3qPnPHjawCC4SV6Bdy84bEJQX1zJWYTgdod/BnQlDhq4Gg==",
      "requires": {
        "binet": "~0.3.5",
        "bsert": "~0.0.10"
      },
      "dependencies": {
        "bsert": {
          "version": "0.0.10",
          "resolved": "https://registry.npmjs.org/bsert/-/bsert-0.0.10.tgz",
          "integrity": "sha512-NHNwlac+WPy4t2LoNh8pXk8uaIGH3NSaIUbTTRXGpE2WEbq0te/tDykYHkFK57YKLPjv/aGHmbqvnGeVWDz57Q=="
        }
      }
    },
    "bstring": {
      "version": "0.3.9",
      "resolved": "https://registry.npmjs.org/bstring/-/bstring-0.3.9.tgz",
      "integrity": "sha512-D95flI7SXL+UsQi9mW+hH+AK2AFfafIJi+3GbbyTAWMe2FqwR9keBxsjGiGd/JM+77Y9WsC+M4EhZVNVcym9jw==",
      "requires": {
        "bsert": "~0.0.10",
        "loady": "~0.0.1",
        "nan": "^2.13.1"
      },
      "dependencies": {
        "bsert": {
          "version": "0.0.10",
          "resolved": "https://registry.npmjs.org/bsert/-/bsert-0.0.10.tgz",
          "integrity": "sha512-NHNwlac+WPy4t2LoNh8pXk8uaIGH3NSaIUbTTRXGpE2WEbq0te/tDykYHkFK57YKLPjv/aGHmbqvnGeVWDz57Q=="
        }
      }
    },
    "btcp": {
      "version": "0.1.5",
      "resolved": "https://registry.npmjs.org/btcp/-/btcp-0.1.5.tgz",
      "integrity": "sha512-tkrtMDxeJorn5p0KxaLXELneT8AbfZMpOFeoKYZ5qCCMMSluNuwut7pGccLC5YOJqmuk0DR774vNVQLC9sNq/A=="
    },
    "btrezor-connect": {
      "version": "git+https://github.com/nodar-chkuaselidze/btrezor-connect.git#dcfb7b509a82e5bf801b1491a04e6aaf554fd4b8",
      "from": "git+https://github.com/nodar-chkuaselidze/btrezor-connect.git#semver:^8.0.13-extended-1",
      "requires": {
        "@babel/runtime": "*",
        "@trezor/blockchain-link": "*",
        "@trezor/utxo-lib": "*",
        "after": "*",
        "arraybuffer.slice": "*",
        "ascli": "*",
        "async-limiter": "*",
        "backo2": "*",
        "base-x": "*",
        "base64-arraybuffer": "*",
        "bchaddrjs": "*",
        "bech32": "*",
        "better-assert": "*",
        "bfile": "*",
        "big-integer": "*",
        "bigi": "*",
        "bignumber.js": "*",
        "bindings": "*",
        "bip66": "*",
        "bitcoin-ops": "*",
        "blake2b": "*",
        "blake2b-wasm": "*",
        "blob": "*",
        "bn.js": "*",
        "bowser": "*",
        "brorand": "*",
        "browserify-aes": "*",
        "bs58": "*",
        "bs58check": "*",
        "buffer-xor": "*",
        "bufferview": "*",
        "bytebuffer-old-fixed-webpack": "*",
        "callsite": "*",
        "cashaddrjs": "*",
        "cipher-base": "*",
        "colour": "*",
        "component-bind": "*",
        "component-emitter": "*",
        "component-inherit": "*",
        "create-hash": "*",
        "create-hmac": "*",
        "debug": "*",
        "define-properties": "*",
        "drbg.js": "*",
        "ecurve": "*",
        "elliptic": "*",
        "engine.io-client": "*",
        "engine.io-parser": "*",
        "es-abstract": "*",
        "es-to-primitive": "*",
        "es6-promise": "*",
        "esm": "*",
        "events": "*",
        "evp_bytestokey": "*",
        "file-uri-to-path": "*",
        "function-bind": "*",
        "has": "*",
        "has-binary2": "*",
        "has-cors": "*",
        "has-symbols": "*",
        "hash-base": "*",
        "hash.js": "*",
        "hd-wallet": "*",
        "hmac-drbg": "*",
        "indexof": "*",
        "inherits": "*",
        "is-callable": "*",
        "is-date-object": "*",
        "is-regex": "*",
        "is-symbol": "*",
        "isarray": "*",
        "json-stable-stringify": "*",
        "jsonify": "*",
        "keccak": "*",
        "long": "*",
        "md5.js": "*",
        "merkle-lib": "*",
        "minimalistic-assert": "*",
        "minimalistic-crypto-utils": "*",
        "ms": "*",
        "nan": "*",
        "nanoassert": "*",
        "node-fetch": "*",
        "object-component": "*",
        "object-inspect": "*",
        "object-keys": "*",
        "object.assign": "*",
        "object.values": "*",
        "optjs": "*",
        "parse-uri": "*",
        "parseqs": "*",
        "parseuri": "*",
        "protobufjs-old-fixed-webpack": "*",
        "pushdata-bitcoin": "*",
        "queue": "*",
        "randombytes": "*",
        "regenerator-runtime": "*",
        "ripemd160": "*",
        "safe-buffer": "*",
        "secp256k1": "*",
        "semver-compare": "*",
        "sha.js": "*",
        "socket.io-client": "*",
        "socket.io-parser": "*",
        "string.prototype.trimleft": "*",
        "string.prototype.trimright": "*",
        "tiny-worker": "*",
        "to-array": "*",
        "trezor-connect": "*",
        "trezor-link": "*",
        "typeforce": "*",
        "varuint-bitcoin": "*",
        "whatwg-fetch": "*",
        "wif": "*",
        "ws": "*",
        "xmlhttprequest-ssl": "*",
        "yeast": "*"
      },
      "dependencies": {
        "@babel/runtime": {
          "version": "7.8.3",
          "bundled": true
        },
        "@trezor/blockchain-link": {
          "version": "1.0.6",
          "bundled": true
        },
        "@trezor/utxo-lib": {
          "version": "0.1.0",
          "bundled": true
        },
        "after": {
          "version": "0.8.2",
          "bundled": true
        },
        "arraybuffer.slice": {
          "version": "0.0.7",
          "bundled": true
        },
        "ascli": {
          "version": "0.3.0",
          "bundled": true
        },
        "async-limiter": {
          "version": "1.0.1",
          "bundled": true
        },
        "backo2": {
          "version": "1.0.2",
          "bundled": true
        },
        "base-x": {
          "version": "3.0.7",
          "bundled": true
        },
        "base64-arraybuffer": {
          "version": "0.1.5",
          "bundled": true
        },
        "bchaddrjs": {
          "version": "0.4.5",
          "bundled": true
        },
        "bech32": {
          "version": "0.0.3",
          "bundled": true
        },
        "better-assert": {
          "version": "1.0.2",
          "bundled": true
        },
        "bfile": {
          "version": "0.2.1",
          "bundled": true
        },
        "big-integer": {
          "version": "1.6.36",
          "bundled": true
        },
        "bigi": {
          "version": "1.4.2",
          "bundled": true
        },
        "bignumber.js": {
          "version": "9.0.0",
          "bundled": true
        },
        "bindings": {
          "version": "1.5.0",
          "bundled": true
        },
        "bip66": {
          "version": "1.1.5",
          "bundled": true
        },
        "bitcoin-ops": {
          "version": "1.4.1",
          "bundled": true
        },
        "blake2b": {
          "version": "2.1.3",
          "bundled": true
        },
        "blake2b-wasm": {
          "version": "2.0.0",
          "bundled": true
        },
        "blob": {
          "version": "0.0.5",
          "bundled": true
        },
        "bn.js": {
          "version": "4.11.8",
          "bundled": true
        },
        "bowser": {
          "version": "2.9.0",
          "bundled": true
        },
        "brorand": {
          "version": "1.1.0",
          "bundled": true
        },
        "browserify-aes": {
          "version": "1.2.0",
          "bundled": true
        },
        "bs58": {
          "version": "4.0.1",
          "bundled": true
        },
        "bs58check": {
          "version": "2.1.2",
          "bundled": true
        },
        "buffer-xor": {
          "version": "1.0.3",
          "bundled": true
        },
        "bufferview": {
          "version": "1.0.1",
          "bundled": true
        },
        "bytebuffer-old-fixed-webpack": {
          "version": "3.5.6",
          "bundled": true
        },
        "callsite": {
          "version": "1.0.0",
          "bundled": true
        },
        "cashaddrjs": {
          "version": "0.3.9",
          "bundled": true
        },
        "cipher-base": {
          "version": "1.0.4",
          "bundled": true
        },
        "colour": {
          "version": "0.7.1",
          "bundled": true
        },
        "component-bind": {
          "version": "1.0.0",
          "bundled": true
        },
        "component-emitter": {
          "version": "1.2.1",
          "bundled": true
        },
        "component-inherit": {
          "version": "0.0.3",
          "bundled": true
        },
        "create-hash": {
          "version": "1.2.0",
          "bundled": true
        },
        "create-hmac": {
          "version": "1.1.7",
          "bundled": true
        },
        "debug": {
          "version": "3.1.0",
          "bundled": true
        },
        "define-properties": {
          "version": "1.1.3",
          "bundled": true
        },
        "drbg.js": {
          "version": "1.0.1",
          "bundled": true
        },
        "ecurve": {
          "version": "1.0.6",
          "bundled": true
        },
        "elliptic": {
          "version": "6.5.2",
          "bundled": true
        },
        "engine.io-client": {
          "version": "3.4.0",
          "bundled": true,
          "requires": {
            "debug": "*",
            "ms": "*"
          },
          "dependencies": {
            "debug": {
              "version": "4.1.1",
              "bundled": true
            },
            "ms": {
              "version": "2.1.2",
              "bundled": true
            }
          }
        },
        "engine.io-parser": {
          "version": "2.2.0",
          "bundled": true
        },
        "es-abstract": {
          "version": "1.17.4",
          "bundled": true
        },
        "es-to-primitive": {
          "version": "1.2.1",
          "bundled": true
        },
        "es6-promise": {
          "version": "4.2.8",
          "bundled": true
        },
        "esm": {
          "version": "3.2.25",
          "bundled": true
        },
        "events": {
          "version": "3.1.0",
          "bundled": true
        },
        "evp_bytestokey": {
          "version": "1.0.3",
          "bundled": true
        },
        "file-uri-to-path": {
          "version": "1.0.0",
          "bundled": true
        },
        "function-bind": {
          "version": "1.1.1",
          "bundled": true
        },
        "has": {
          "version": "1.0.3",
          "bundled": true
        },
        "has-binary2": {
          "version": "1.0.3",
          "bundled": true
        },
        "has-cors": {
          "version": "1.1.0",
          "bundled": true
        },
        "has-symbols": {
          "version": "1.0.1",
          "bundled": true
        },
        "hash-base": {
          "version": "3.0.4",
          "bundled": true
        },
        "hash.js": {
          "version": "1.1.7",
          "bundled": true
        },
        "hd-wallet": {
          "version": "9.0.0",
          "bundled": true,
          "requires": {
            "bchaddrjs": "*"
          },
          "dependencies": {
            "bchaddrjs": {
              "version": "0.3.2",
              "bundled": true
            }
          }
        },
        "hmac-drbg": {
          "version": "1.0.1",
          "bundled": true
        },
        "indexof": {
          "version": "0.0.1",
          "bundled": true
        },
        "inherits": {
          "version": "2.0.4",
          "bundled": true
        },
        "is-callable": {
          "version": "1.1.5",
          "bundled": true
        },
        "is-date-object": {
          "version": "1.0.2",
          "bundled": true
        },
        "is-regex": {
          "version": "1.0.5",
          "bundled": true
        },
        "is-symbol": {
          "version": "1.0.3",
          "bundled": true
        },
        "isarray": {
          "version": "2.0.1",
          "bundled": true
        },
        "json-stable-stringify": {
          "version": "1.0.1",
          "bundled": true
        },
        "jsonify": {
          "version": "0.0.0",
          "bundled": true
        },
        "keccak": {
          "version": "2.1.0",
          "bundled": true
        },
        "long": {
          "version": "2.4.0",
          "bundled": true
        },
        "md5.js": {
          "version": "1.3.5",
          "bundled": true
        },
        "merkle-lib": {
          "version": "2.0.10",
          "bundled": true
        },
        "minimalistic-assert": {
          "version": "1.0.1",
          "bundled": true
        },
        "minimalistic-crypto-utils": {
          "version": "1.0.1",
          "bundled": true
        },
        "ms": {
          "version": "2.0.0",
          "bundled": true
        },
        "nan": {
          "version": "2.14.0",
          "bundled": true
        },
        "nanoassert": {
          "version": "1.1.0",
          "bundled": true
        },
        "node-fetch": {
          "version": "2.6.0",
          "bundled": true
        },
        "object-component": {
          "version": "0.0.3",
          "bundled": true
        },
        "object-inspect": {
          "version": "1.7.0",
          "bundled": true
        },
        "object-keys": {
          "version": "1.1.1",
          "bundled": true
        },
        "object.assign": {
          "version": "4.1.0",
          "bundled": true
        },
        "object.values": {
          "version": "1.1.1",
          "bundled": true
        },
        "optjs": {
          "version": "3.2.2",
          "bundled": true
        },
        "parse-uri": {
          "version": "1.0.0",
          "bundled": true
        },
        "parseqs": {
          "version": "0.0.5",
          "bundled": true
        },
        "parseuri": {
          "version": "0.0.5",
          "bundled": true
        },
        "protobufjs-old-fixed-webpack": {
          "version": "3.8.5",
          "bundled": true
        },
        "pushdata-bitcoin": {
          "version": "1.0.1",
          "bundled": true
        },
        "queue": {
          "version": "6.0.1",
          "bundled": true
        },
        "randombytes": {
          "version": "2.1.0",
          "bundled": true
        },
        "regenerator-runtime": {
          "version": "0.13.3",
          "bundled": true
        },
        "ripemd160": {
          "version": "2.0.2",
          "bundled": true
        },
        "safe-buffer": {
          "version": "5.2.0",
          "bundled": true
        },
        "secp256k1": {
          "version": "3.8.0",
          "bundled": true
        },
        "semver-compare": {
          "version": "1.0.0",
          "bundled": true
        },
        "sha.js": {
          "version": "2.4.11",
          "bundled": true
        },
        "socket.io-client": {
          "version": "2.3.0",
          "bundled": true,
          "requires": {
            "debug": "*",
            "ms": "*"
          },
          "dependencies": {
            "debug": {
              "version": "4.1.1",
              "bundled": true
            },
            "ms": {
              "version": "2.1.2",
              "bundled": true
            }
          }
        },
        "socket.io-parser": {
          "version": "3.3.0",
          "bundled": true
        },
        "string.prototype.trimleft": {
          "version": "2.1.1",
          "bundled": true
        },
        "string.prototype.trimright": {
          "version": "2.1.1",
          "bundled": true
        },
        "tiny-worker": {
          "version": "2.3.0",
          "bundled": true
        },
        "to-array": {
          "version": "0.1.4",
          "bundled": true
        },
        "trezor-connect": {
          "version": "8.0.13-extended-1",
          "bundled": true
        },
        "trezor-link": {
          "version": "1.6.7",
          "bundled": true
        },
        "typeforce": {
          "version": "1.18.0",
          "bundled": true
        },
        "varuint-bitcoin": {
          "version": "1.1.2",
          "bundled": true
        },
        "whatwg-fetch": {
          "version": "3.0.0",
          "bundled": true
        },
        "wif": {
          "version": "2.0.6",
          "bundled": true
        },
        "ws": {
          "version": "6.1.4",
          "bundled": true
        },
        "xmlhttprequest-ssl": {
          "version": "1.5.5",
          "bundled": true
        },
        "yeast": {
          "version": "0.1.2",
          "bundled": true
        }
      }
    },
    "buffer-map": {
      "version": "0.0.5",
      "resolved": "https://registry.npmjs.org/buffer-map/-/buffer-map-0.0.5.tgz",
      "integrity": "sha512-evwvw2VDQvYxKPdxmqIWTIIYZKypKWHoLolB1kmyY05RNGY7EWifLSE1fLmz6+2UkQBmZ1suXJAoHOzlLeO83A=="
    },
    "bufio": {
      "version": "1.0.6",
      "resolved": "https://registry.npmjs.org/bufio/-/bufio-1.0.6.tgz",
      "integrity": "sha512-mjYZFRHmI9bk3Oeexu0rWjHFY+w6hGLabdmwSFzq+EFr4MHHsNOYduDVdYl71NG5pTPL7GGzUCMk9cYuV34/Qw=="
    },
    "bupnp": {
      "version": "0.2.6",
      "resolved": "https://registry.npmjs.org/bupnp/-/bupnp-0.2.6.tgz",
      "integrity": "sha512-J6ykzJhZMxXKN78K+1NzFi3v/51X2Mvzp2hW42BWwmxIVfau6PaN99gyABZ8x05e8MObWbsAis23gShhj9qpbw==",
      "requires": {
        "binet": "~0.3.5",
        "brq": "~0.1.7",
        "bsert": "~0.0.10"
      },
      "dependencies": {
        "bsert": {
          "version": "0.0.10",
          "resolved": "https://registry.npmjs.org/bsert/-/bsert-0.0.10.tgz",
          "integrity": "sha512-NHNwlac+WPy4t2LoNh8pXk8uaIGH3NSaIUbTTRXGpE2WEbq0te/tDykYHkFK57YKLPjv/aGHmbqvnGeVWDz57Q=="
        }
      }
    },
    "busb": {
      "version": "0.1.1",
      "resolved": "https://registry.npmjs.org/busb/-/busb-0.1.1.tgz",
      "integrity": "sha512-d7sRKHdTk7yeUtWwXZpMUdCPF5YhqizUZpPc8S8oEBpUbHgOCMznkSbIIdJGebcVliovuXkoFke/ySC5OKYPsA==",
      "requires": {
        "loady": "~0.0.1",
        "nan": "^2.13.2"
      }
    },
    "bval": {
      "version": "0.1.6",
      "resolved": "https://registry.npmjs.org/bval/-/bval-0.1.6.tgz",
      "integrity": "sha512-jxNH9gSx7g749hQtS+nTxXYz/bLxwr4We1RHFkCYalNYcj12RfbW6qYWsKu0RYiKAdFcbNoZRHmWrIuXIyhiQQ==",
      "requires": {
        "bsert": "~0.0.10"
      },
      "dependencies": {
        "bsert": {
          "version": "0.0.10",
          "resolved": "https://registry.npmjs.org/bsert/-/bsert-0.0.10.tgz",
          "integrity": "sha512-NHNwlac+WPy4t2LoNh8pXk8uaIGH3NSaIUbTTRXGpE2WEbq0te/tDykYHkFK57YKLPjv/aGHmbqvnGeVWDz57Q=="
        }
      }
    },
    "bweb": {
      "version": "0.1.10",
      "resolved": "https://registry.npmjs.org/bweb/-/bweb-0.1.10.tgz",
      "integrity": "sha512-3Kkz/rfsyAWUS+8DV5XYhwcgVN4DfDewrP+iFTcpQfdZzcF6+OypAq7dHOtXV0sW7U/3msA/sEEqz0MHZ9ERWg==",
      "requires": {
        "bsert": "~0.0.10",
        "bsock": "~0.1.8"
      },
      "dependencies": {
        "bsert": {
          "version": "0.0.10",
          "resolved": "https://registry.npmjs.org/bsert/-/bsert-0.0.10.tgz",
          "integrity": "sha512-NHNwlac+WPy4t2LoNh8pXk8uaIGH3NSaIUbTTRXGpE2WEbq0te/tDykYHkFK57YKLPjv/aGHmbqvnGeVWDz57Q=="
        }
      }
    },
    "loady": {
      "version": "0.0.1",
      "resolved": "https://registry.npmjs.org/loady/-/loady-0.0.1.tgz",
      "integrity": "sha512-PW5Z13Jd0v6ZcA1P6ZVUc3EV8BJwQuAiwUvvT6VQGHoaZ1d/tu7r1QZctuKfQqwy9SFBWeAGfcIdLxhp7ZW3Rw=="
    },
    "mrmr": {
      "version": "0.1.8",
      "resolved": "https://registry.npmjs.org/mrmr/-/mrmr-0.1.8.tgz",
      "integrity": "sha512-lNav10EJsPZvlMqlBOYQ5atIO9jrlvbJ4/7asqunXY89dHooN5c+W6AV7jtvBRw4wFDR7TpEWfmBQgRGRVwBzA==",
      "requires": {
        "bsert": "~0.0.10",
        "loady": "~0.0.1",
        "nan": "^2.13.1"
      },
      "dependencies": {
        "bsert": {
          "version": "0.0.10",
          "resolved": "https://registry.npmjs.org/bsert/-/bsert-0.0.10.tgz",
          "integrity": "sha512-NHNwlac+WPy4t2LoNh8pXk8uaIGH3NSaIUbTTRXGpE2WEbq0te/tDykYHkFK57YKLPjv/aGHmbqvnGeVWDz57Q=="
        }
      }
    },
    "n64": {
      "version": "0.2.10",
      "resolved": "https://registry.npmjs.org/n64/-/n64-0.2.10.tgz",
      "integrity": "sha512-uH9geV4+roR1tohsrrqSOLCJ9Mh1iFcDI+9vUuydDlDxUS1UCAWUfuGb06p3dj3flzywquJNrGsQ7lHP8+4RVQ=="
    },
    "nan": {
      "version": "2.14.0",
      "resolved": "https://registry.npmjs.org/nan/-/nan-2.14.0.tgz",
      "integrity": "sha512-INOFj37C7k3AfaNTtX8RhsTw7qRy7eLET14cROi9+5HAVbbHuIWUHEauBv5qT4Av2tWasiTY1Jw6puUNqRJXQg=="
    }
  }
}
